PODS:
  - FBSnapshotTestCase (2.1.4):
    - FBSnapshotTestCase/SwiftSupport (= 2.1.4)
  - FBSnapshotTestCase/Core (2.1.4)
  - FBSnapshotTestCase/SwiftSupport (2.1.4):
    - FBSnapshotTestCase/Core
  - MyWeiboHomePage (0.1.0)

DEPENDENCIES:
  - FBSnapshotTestCase
  - MyWeiboHomePage (from `../`)

SPEC REPOS:
  https://github.com/cocoapods/specs.git:
    - FBSnapshotTestCase

EXTERNAL SOURCES:
  MyWeiboHomePage:
    :path: "../"

SPEC CHECKSUMS:
  FBSnapshotTestCase: 094f9f314decbabe373b87cc339bea235a63e07a
  MyWeiboHomePage: 708a667d9905736109be19d675e698375f5328cd

PODFILE CHECKSUM: 363d56e93af18b7fdd188da7bafb01d0000bd903

COCOAPODS: 1.7.4
